{
    "_meta": {
        "hash": {
            "sha256": "0324243c244183ee3044687bfd967f1e8fef81f2598e1392cda5d544df1ff2fa"
        },
        "pipfile-spec": 6,
        "requires": {
            "python_version": "3.6"
        },
        "sources": [
            {
                "name": "pypi",
                "url": "https://pypi.org/simple",
                "verify_ssl": true
            }
        ]
    },
    "default": {
        "astropy": {
            "hashes": [
                "sha256:04de975f4f419fff67e08583c012a1ff3bd146c7e240d86f76e096803255c5bc",
                "sha256:28d43d74785b1fc19bc3c05cd1e45026cbc784e2551f35a1103ad8e82da48705",
                "sha256:3eabe39267f9b3b9ff8d3ccd5b9342fb408e2e8d363fd4e006113fb2f80a5c0a",
                "sha256:564587b96867058b9ee84be6a5f78e9a48c39acfc0d9d7e531732654424df6e6",
                "sha256:62ba6f14fbe6418d0019ffa17775f715af265cec4e40baae9c2fce287c480913",
                "sha256:6527e63f9aee01ed14a3e3c0865f8ae1bffadb01c8c755b4452662211216f53b",
                "sha256:6780d9d70402c4b3b19a3cbd3855af00cc307d342cb356c73df327d773eeacfd",
                "sha256:6c1525569a4b4a77ad60a4ee9270ee69534150b6684bd953a963aa0033c45f98",
                "sha256:734d2099902363c09dae0ae3e32d51492fa963938abfda03b9acfd2b9612364d",
                "sha256:7b4253d1520d8bbb23e4a9d6c3b1253984fb7466ebffdc9670396d327ce704ba",
                "sha256:7b6b898dd5fcc19761de9a76f91592a56fd9393c4e1eee6c1a4e2ea03d6dc817",
                "sha256:8735afbcb914494dcc629e7dc75e2247c7e34fd284d557481546e49cbb985386",
                "sha256:8b4dde2ec9d14d8b497c988344524bf1bcfacaac6250de5836dfbebf5ec4123c",
                "sha256:cc13d11382a4e3d033ca2bfff18f4e8dfe252d8d45e6d3abaf79d610931e8af4",
                "sha256:d49794159e65675d7cbca89112293bb0007463814788ca1dab156b1ce1f3516c",
                "sha256:ec24dff9b80b268136445838653795e642fe62f47791dc76c0e1d58d61a51267"
            ],
            "index": "pypi",
            "version": "==3.1.1"
        },
        "numpy": {
            "hashes": [
                "sha256:0cdbbaa30ae69281b18dd995d3079c4e552ad6d5426977f66b9a2a95f11f552a",
                "sha256:2b0cca1049bd39d1879fa4d598624cafe82d35529c72de1b3d528d68031cdd95",
                "sha256:31d3fe5b673e99d33d70cfee2ea8fe8dccd60f265c3ed990873a88647e3dd288",
                "sha256:34dd4922aab246c39bf5df03ca653d6265e65971deca6784c956bf356bca6197",
                "sha256:384e2dfa03da7c8d54f8f934f61b6a5e4e1ebb56a65b287567629d6c14578003",
                "sha256:392e2ea22b41a22c0289a88053204b616181288162ba78e6823e1760309d5277",
                "sha256:4341a39fc085f31a583be505eabf00e17c619b469fef78dc7e8241385bfddaa4",
                "sha256:45080f065dcaa573ebecbfe13cdd86e8c0a68c4e999aa06bd365374ea7137706",
                "sha256:485cb1eb4c9962f4cd042fed9424482ec1d83fee5dc2ef3f2552ac47852cb259",
                "sha256:575cefd28d3e0da85b0864506ae26b06483ee4a906e308be5a7ad11083f9d757",
                "sha256:62784b35df7de7ca4d0d81c5b6af5983f48c5cdef32fc3635b445674e56e3266",
                "sha256:69c152f7c11bf3b4fc11bc4cc62eb0334371c0db6844ebace43b7c815b602805",
                "sha256:6ccfdcefd287f252cf1ea7a3f1656070da330c4a5658e43ad223269165cdf977",
                "sha256:7298fbd73c0b3eff1d53dc9b9bdb7add8797bb55eeee38c8ccd7906755ba28af",
                "sha256:79463d918d1bf3aeb9186e3df17ddb0baca443f41371df422f99ee94f4f2bbfe",
                "sha256:8bbee788d82c0ac656536de70e817af09b7694f5326b0ef08e5c1014fcb96bb3",
                "sha256:a863957192855c4c57f60a75a1ac06ce5362ad18506d362dd807e194b4baf3ce",
                "sha256:ae602ba425fb2b074e16d125cdce4f0194903da935b2e7fe284ebecca6d92e76",
                "sha256:b13faa258b20fa66d29011f99fdf498641ca74a0a6d9266bc27d83c70fea4a6a",
                "sha256:c2c39d69266621dd7464e2bb740d6eb5abc64ddc339cc97aa669f3bb4d75c103",
                "sha256:e9c88f173d31909d881a60f08a8494e63f1aff2a4052476b24d4f50e82c47e24",
                "sha256:f1a29267ac29fff0913de0f11f3a9edfcd3f39595f467026c29376fad243ebe3",
                "sha256:f69dde0c5a137d887676a8129373e44366055cf19d1b434e853310c7a1e68f93"
            ],
            "index": "pypi",
            "version": "==1.16.1"
        },
        "opencv-python": {
            "hashes": [
                "sha256:01ed8f83c1bc804995120825c729af9926bcc1dedbe85316ba4b5f81ed5e7287",
                "sha256:4d79b43434bef9ccb9921138d00c7f7d5dc8079cffe5d3765287e5b8275e0386",
                "sha256:51b32439bd85dcc3f520ef9de777f2c694b846d1d4344321e7bf090bffa62dc3",
                "sha256:55b8bd89a176cb0819b65d9df65900a6e4e95919579dedc34e10eaaf46c0f6a2",
                "sha256:5b6afc7f74e28c09f78886f0cffa67efc2b46542e439f0a045020a954c69e829",
                "sha256:6f8ec97c537b408d99d2cfbc9e929054e0bdecadda4c224ec2b21e18fcf48a06",
                "sha256:70012caadf2018575f15330bcf1d7659d0231580de5c146178154e420e9bef66",
                "sha256:7066dbceb01bd721515a583cc64485c594293a574d6b0925aca341c2accae520",
                "sha256:81cc092cade08093eeb48f2cdf8c1a1d5e0cc90d197403a721f6935f71d75e61",
                "sha256:8ecf3e50d7c5de510b71f5af33017a99b8bd476fbb70f464f6cc76a81bd2ff60",
                "sha256:97d2d77e0955404cf61d9a62e85bd8718108b11fc5a69d542bd7a7e2eb30990d",
                "sha256:98f12aff879895de6821289d538322d6b6d297ccfb71343056f3443f6d5c8c16",
                "sha256:9acea43d03440e7a0bd9a9ad599394382a529d49ec6995414797645acfc3e629",
                "sha256:a2e1bd69324e6d58b2c6932ca78c2ecb88dec8b2a3d31536e104623cafbc5b89",
                "sha256:a4feed61a55263a3af6bd17338a1712274c9dc775fe765ed706c706ab4a09ceb",
                "sha256:a72224ba58c7704ce8fc260ca65cfe7444d165362179f97d713234adc7f52b0e",
                "sha256:ae6f1aaa64d3b9a82792669e5be04d2544ce8c2e4a71ecfac09e0a4ed7b60908",
                "sha256:bfd358891a882cb08733e7edd1e76ea008520858de60cec185dce26530c0a36f",
                "sha256:c0d515ceb8231fa6565112d8c2490d2007656b7eb0c52d82b81708ac8412e426",
                "sha256:c86b42f12c602f815062f30c8583da702691a67920f5ea7607f1c796e6f153be",
                "sha256:d3c116b9502c657456fac22b3dad3be8701ef92f7ced2822a13121d167263057",
                "sha256:d477594c956dfbe6688323a9a06d5b3c6d3940c4b15bef7ce4f30d25f7837f1a",
                "sha256:d7626191eac985db4fda1db9cafb6428be614dd9ce3b6f5a83fdb93f1086980b",
                "sha256:db5632dfec289e69bddccbc39faf3cf1f5a840ed4ba3c1288ef3e21f68077722",
                "sha256:e50c73547a3e80d986db19b2cad3507bc7a5b4236f0071952aba80e0409c4806",
                "sha256:edbdded658021747a4235f178b91361d17b82031859db20731a963b8dafcab67",
                "sha256:f4afa2fd9d5c2ac25fc023babf6967f07e9143ce4fe73ebdcdc69a580f99b052"
            ],
            "index": "pypi",
            "version": "==4.0.0.21"
        },
        "pillow": {
            "hashes": [
                "sha256:051de330a06c99d6f84bcf582960487835bcae3fc99365185dc2d4f65a390c0e",
                "sha256:0ae5289948c5e0a16574750021bd8be921c27d4e3527800dc9c2c1d2abc81bf7",
                "sha256:0b1efce03619cdbf8bcc61cfae81fcda59249a469f31c6735ea59badd4a6f58a",
                "sha256:163136e09bd1d6c6c6026b0a662976e86c58b932b964f255ff384ecc8c3cefa3",
                "sha256:18e912a6ccddf28defa196bd2021fe33600cbe5da1aa2f2e2c6df15f720b73d1",
                "sha256:24ec3dea52339a610d34401d2d53d0fb3c7fd08e34b20c95d2ad3973193591f1",
                "sha256:267f8e4c0a1d7e36e97c6a604f5b03ef58e2b81c1becb4fccecddcb37e063cc7",
                "sha256:3273a28734175feebbe4d0a4cde04d4ed20f620b9b506d26f44379d3c72304e1",
                "sha256:4c678e23006798fc8b6f4cef2eaad267d53ff4c1779bd1af8725cc11b72a63f3",
                "sha256:4d4bc2e6bb6861103ea4655d6b6f67af8e5336e7216e20fff3e18ffa95d7a055",
                "sha256:505738076350a337c1740a31646e1de09a164c62c07db3b996abdc0f9d2e50cf",
                "sha256:5233664eadfa342c639b9b9977190d64ad7aca4edc51a966394d7e08e7f38a9f",
                "sha256:5d95cb9f6cced2628f3e4de7e795e98b2659dfcc7176ab4a01a8b48c2c2f488f",
                "sha256:7eda4c737637af74bac4b23aa82ea6fbb19002552be85f0b89bc27e3a762d239",
                "sha256:801ddaa69659b36abf4694fed5aa9f61d1ecf2daaa6c92541bbbbb775d97b9fe",
                "sha256:825aa6d222ce2c2b90d34a0ea31914e141a85edefc07e17342f1d2fdf121c07c",
                "sha256:9c215442ff8249d41ff58700e91ef61d74f47dfd431a50253e1a1ca9436b0697",
                "sha256:a3d90022f2202bbb14da991f26ca7a30b7e4c62bf0f8bf9825603b22d7e87494",
                "sha256:a631fd36a9823638fe700d9225f9698fb59d049c942d322d4c09544dc2115356",
                "sha256:a6523a23a205be0fe664b6b8747a5c86d55da960d9586db039eec9f5c269c0e6",
                "sha256:a756ecf9f4b9b3ed49a680a649af45a8767ad038de39e6c030919c2f443eb000",
                "sha256:b117287a5bdc81f1bac891187275ec7e829e961b8032c9e5ff38b70fd036c78f",
                "sha256:ba04f57d1715ca5ff74bb7f8a818bf929a204b3b3c2c2826d1e1cc3b1c13398c",
                "sha256:cd878195166723f30865e05d87cbaf9421614501a4bd48792c5ed28f90fd36ca",
                "sha256:cee815cc62d136e96cf76771b9d3eb58e0777ec18ea50de5cfcede8a7c429aa8",
                "sha256:d1722b7aa4b40cf93ac3c80d3edd48bf93b9208241d166a14ad8e7a20ee1d4f3",
                "sha256:d7c1c06246b05529f9984435fc4fa5a545ea26606e7f450bdbe00c153f5aeaad",
                "sha256:e9c8066249c040efdda84793a2a669076f92a301ceabe69202446abb4c5c5ef9",
                "sha256:f227d7e574d050ff3996049e086e1f18c7bd2d067ef24131e50a1d3fe5831fbc",
                "sha256:fc9a12aad714af36cf3ad0275a96a733526571e52710319855628f476dcb144e"
            ],
            "index": "pypi",
            "version": "==5.4.1"
        },
        "pyside2": {
            "hashes": [
                "sha256:171d0e43bb241a12c98ab7ae46706af8e7929c973225d1c9abaf18a73dc3dbf0",
                "sha256:31ca082427d2104b9ab61520c0a1435ce23073e54734f3bd671b37be471da9c1",
                "sha256:4d948c441d609868b77bdd8cdab7ac6e595a6f15ca82dde3fd700f73445da821",
                "sha256:4f7518cfa049272ce64e43ce06cf151bdd648c6884272d480ee4b188dbffc7f2",
                "sha256:d5e39cc5868e0b1415846df185a22940219bf1a5ec38a7d9be6c0cd15f413336",
                "sha256:dba738ae3cbe7f90360e0729832d741c6f74698da44614b18d44393f72745022"
            ],
            "index": "pypi",
            "version": "==5.12.1"
        },
        "pythonnet": {
            "hashes": [
                "sha256:0061f85ec6173135244e07f2b69da46fa3748769bfb3aa964e332b245d9eb6c3",
                "sha256:1935b0f596673a20fb6d28fce847c3fb1cf8f2cebe031995adaf7ab0e10eb848",
                "sha256:27a72a18310b7da28cc9c2d1b8f0391267dcfc8004c39dc3e2aa5c52c9a9d7ec",
                "sha256:359fc1412ab66fd789aa8876b9eb8d4f9cd1eb7e0da012cba13db59b9035fc45",
                "sha256:36e10bd37679d13e32fcbe29c0fa61ba0f5f8fd0c0616a6e7f925bc0fcbe7c59",
                "sha256:5972fbcd18365d131e7d32774853081cf0161d102337192f9339196fa2bfaec0",
                "sha256:5e48ab34b545b557b64c94603d70b422d18ee37853884412281141db02095c79",
                "sha256:7d41ee7531f36b62ed0456c3d7c724455251ef2e75cfaabf96b4092e365942d6",
                "sha256:8fe3b07897c8e2a509c9e19f7ba50a40b2ce0e5e254f73ecef6bdc73384cb654",
                "sha256:aa41a669855232a5f015887340b01860caa4efc175d7ee8cbca42a171d17293e",
                "sha256:f06c034e9f2c8d283f8a44b273b0d5e38c5bc3ea4f88f0a7307580394b75dcd3"
            ],
            "index": "pypi",
            "markers": "sys_platform == 'win32'",
            "version": "==2.3.0"
        },
        "shiboken2": {
            "hashes": [
                "sha256:034ea9104506dcf1c77308a73a7840f1715054b3aaeb86c7ae8b260e6572e410",
                "sha256:479a44f3b11c5d0ba3d581470db28b0788214526b2a26e173890aef47328d945",
                "sha256:49cb68fddd8bd302c0a9eb09554a99cad1b63bfc9440dd016b4fcd300af5612a",
                "sha256:c2a2261c906065b4fb1725bb075a841c72e44e28ca642adb06663d8299d0d9fc",
                "sha256:cf10631e1970ce22b3bc40673288afd55ba9b8a0d803ab0e4ed525b4a68ef6b0",
                "sha256:f4038e97eeffea96bcae932f005a3f7772734b38928e0d44e48af654525c38e3"
            ],
            "version": "==5.12.1"
        },
        "six": {
            "hashes": [
                "sha256:3350809f0555b11f552448330d0b52d5f24c91a322ea4a15ef22629740f3761c",
                "sha256:d16a0141ec1a18405cd4ce8b4613101da75da0e9a7aec5bdd4fa804d0e0eba73"
            ],
            "version": "==1.12.0"
        },
        "zwoasi": {
            "hashes": [
                "sha256:bdf247fa600bddcf28d3b5975125fbb592004f9fd7bbee8e8857123f6861caca"
            ],
            "index": "pypi",
            "version": "==0.0.22"
        }
    },
    "develop": {}
}
